{
  "name": "mortgage",
  "version": "1.0.0",
  "lockfileVersion": 2,
  "requires": true,
  "packages": {
    "": {
      "version": "1.0.0",
      "license": "ISC",
      "dependencies": {
        "lodash": "^3.9.3",
        "mortgage-calculator": "^1.1.2"
      }
    },
    "node_modules/lodash": {
      "version": "3.9.3",
      "resolved": "https://registry.npmjs.org/lodash/-/lodash-3.9.3.tgz",
      "integrity": "sha1-AVnoaDL+/8bWHYUrEqlTuZSWvTI="
    },
    "node_modules/mortgage-calculator": {
      "version": "1.1.2",
      "resolved": "https://registry.npmjs.org/mortgage-calculator/-/mortgage-calculator-1.1.2.tgz",
      "integrity": "sha1-8LoQ5/S112nxxbgPDH6QA2GxYGE=",
      "dependencies": {
        "lodash": "3.9.3"
      },
      "engines": {
        "node": ">= 0.10.x"
      }
    }
  },
  "dependencies": {
    "lodash": {
      "version": "3.9.3",
      "resolved": "https://registry.npmjs.org/lodash/-/lodash-3.9.3.tgz",
      "integrity": "sha1-AVnoaDL+/8bWHYUrEqlTuZSWvTI="
    },
    "mortgage-calculator": {
      "version": "1.1.2",
      "resolved": "https://registry.npmjs.org/mortgage-calculator/-/mortgage-calculator-1.1.2.tgz",
      "integrity": "sha1-8LoQ5/S112nxxbgPDH6QA2GxYGE=",
      "requires": {
        "lodash": "3.9.3"
      }
    }
  }
}
