# THIS IS AN AUTOGENERATED FILE. DO NOT EDIT THIS FILE DIRECTLY.
# yarn lockfile v1


"lodash@^3.9.3", "lodash@3.9.3":
  "integrity" "sha1-AVnoaDL+/8bWHYUrEqlTuZSWvTI="
  "resolved" "https://registry.npmjs.org/lodash/-/lodash-3.9.3.tgz"
  "version" "3.9.3"

"mortgage-calculator@^1.1.2":
  "integrity" "sha1-8LoQ5/S112nxxbgPDH6QA2GxYGE="
  "resolved" "https://registry.npmjs.org/mortgage-calculator/-/mortgage-calculator-1.1.2.tgz"
  "version" "1.1.2"
  dependencies:
    "lodash" "3.9.3"
